# Generated by go run ./tools/iiifgen; do not edit by hand.
version: 1
artifacts:
  - dest: upstream/iiif-api/source/auth/2/context.json
    source: https://github.com/IIIF/api
    sha: c57f35b39511b3a458d317c0d0f2f4dd277bd590
    path: source/auth/2/context.json
    sha256: eddeaea362c44fe7ae4a2eed8446214e4e228d3eea48ec509a8a9b1b824027cd
  - dest: upstream/iiif-api/source/extension/navplace/context.json
    source: https://github.com/IIIF/api
    sha: c57f35b39511b3a458d317c0d0f2f4dd277bd590
    path: source/extension/navplace/context.json
    sha256: 0ba72f891ecd5a36595c5fc0922eee2255b3fe9a301ab81f6c4dc1db045039ff
  - dest: upstream/iiif-api/source/extension/text-granularity/context.json
    source: https://github.com/IIIF/api
    sha: c57f35b39511b3a458d317c0d0f2f4dd277bd590
    path: source/extension/text-granularity/context.json
    sha256: 6f2fc76a44fd1d3711588b1a5e9e152c944556a98dde5705e966f9719eab8b6d
  - dest: upstream/iiif-api/source/image/3/context.json
    source: https://github.com/IIIF/api
    sha: c57f35b39511b3a458d317c0d0f2f4dd277bd590
    path: source/image/3/context.json
    sha256: fcfa6075c7b1dbf5dbc9628c8942d5bda03aa4051e4d011c55b61e4af247db9f
  - dest: upstream/iiif-api/source/image/3/info_frame.json
    source: https://github.com/IIIF/api
    sha: c57f35b39511b3a458d317c0d0f2f4dd277bd590
    path: source/image/3/info_frame.json
    sha256: 8d8429d5cf70590eccd029c5575108922971b6a2f5190cf8366f653d19683970
  - dest: upstream/iiif-api/source/image/3/level0.json
    source: https://github.com/IIIF/api
    sha: c57f35b39511b3a458d317c0d0f2f4dd277bd590
    path: source/image/3/level0.json
    sha256: ea452faade7bd6771f24ae4d304faa3f32e55351d89a1ec2871df6b14806676d
  - dest: upstream/iiif-api/source/image/3/level1.json
    source: https://github.com/IIIF/api
    sha: c57f35b39511b3a458d317c0d0f2f4dd277bd590
    path: source/image/3/level1.json
    sha256: 2f2c4a080d580e82549c46c5bc6a2676e3a4a1a1650f3e7ce9ee131c5a371f59
  - dest: upstream/iiif-api/source/image/3/level2.json
    source: https://github.com/IIIF/api
    sha: c57f35b39511b3a458d317c0d0f2f4dd277bd590
    path: source/image/3/level2.json
    sha256: 901b0a8169ab362ce2e0c375c470afd36d7548f31b4e01734a2fb5a48a2ff3ed
  - dest: upstream/iiif-api/source/presentation/3/context.json
    source: https://github.com/IIIF/api
    sha: c57f35b39511b3a458d317c0d0f2f4dd277bd590
    path: source/presentation/3/context.json
    sha256: 4bef9062347af702919b625655735a67a700f847f29f6501708c426159eda02d
  - dest: upstream/iiif-api/source/search/2/context.json
    source: https://github.com/IIIF/api
    sha: c57f35b39511b3a458d317c0d0f2f4dd277bd590
    path: source/search/2/context.json
    sha256: 45b8d1fdcad9e68aaa1e39dcfd31fcdf7601075429c232aa8220630df3cb3748
  - dest: upstream/image-validator/tests/json/info-2.0.json
    source: https://github.com/IIIF/image-validator
    sha: 1740893f1fb22960142071a9f3d1c99122a190c7
    path: tests/json/info-2.0.json
    sha256: efa2a62b2e5f643558ac34fda1e8bbb6e30b9a69c3f9ac4ef1cf5e37f9d749c5
  - dest: upstream/image-validator/tests/json/info-3.0-logo.json
    source: https://github.com/IIIF/image-validator
    sha: 1740893f1fb22960142071a9f3d1c99122a190c7
    path: tests/json/info-3.0-logo.json
    sha256: b7abf56449ccfbefef7f8e37f62ae96c735098d2e63af9edb354d176f5a6ac9f
  - dest: upstream/image-validator/tests/json/info-3.0-service-badlabel.json
    source: https://github.com/IIIF/image-validator
    sha: 1740893f1fb22960142071a9f3d1c99122a190c7
    path: tests/json/info-3.0-service-badlabel.json
    sha256: 0053f8120a8806f85db9c9b4f7f4a150062e42b79cb119bbe37f9c712b4bcf52
  - dest: upstream/image-validator/tests/json/info-3.0-service-label.json
    source: https://github.com/IIIF/image-validator
    sha: 1740893f1fb22960142071a9f3d1c99122a190c7
    path: tests/json/info-3.0-service-label.json
    sha256: 99a45af8a149226b2ca2da67031f56cf9248aed522d6825ef992fe1ff34f2e25
  - dest: upstream/image-validator/tests/json/info-3.0-service.json
    source: https://github.com/IIIF/image-validator
    sha: 1740893f1fb22960142071a9f3d1c99122a190c7
    path: tests/json/info-3.0-service.json
    sha256: 6303ed909f18620a22fef21205c69bfaa13032db87e230f197ff069dce987282
  - dest: upstream/image-validator/tests/json/info-3.0.json
    source: https://github.com/IIIF/image-validator
    sha: 1740893f1fb22960142071a9f3d1c99122a190c7
    path: tests/json/info-3.0.json
    sha256: 9c05d450e9a156d1032b9be95149039df0b0692b73fe8e68b0e8d2a51880e059
  - dest: upstream/presentation-validator/fixtures/3/accompanyingCanvas.json
    source: https://github.com/IIIF/presentation-validator
    sha: 5fccfbc01ac6627ecdb81f845a595b5ea295f86d
    path: fixtures/3/accompanyingCanvas.json
    sha256: 40153b9760343e214b35a08c0ed67e1582a7a2057b5546424b8c3c14b7b755e0
  - dest: upstream/presentation-validator/fixtures/3/annoPage.json
    source: https://github.com/IIIF/presentation-validator
    sha: 5fccfbc01ac6627ecdb81f845a595b5ea295f86d
    path: fixtures/3/annoPage.json
    sha256: e4d4dd7ed40348589581f743d12021fb7b919b18c8e4d790837f18ed6bff1eee
  - dest: upstream/presentation-validator/fixtures/3/annoPageInCollection.json
    source: https://github.com/IIIF/presentation-validator
    sha: 5fccfbc01ac6627ecdb81f845a595b5ea295f86d
    path: fixtures/3/annoPageInCollection.json
    sha256: 9c99976600583a37d1df3d614958051a373873a39428fa6ed619d7ea6dd182da
  - dest: upstream/presentation-validator/fixtures/3/annoPageMultipleMotivations.json
    source: https://github.com/IIIF/presentation-validator
    sha: 5fccfbc01ac6627ecdb81f845a595b5ea295f86d
    path: fixtures/3/annoPageMultipleMotivations.json
    sha256: b41ceb2cd1a37fc04abb4a2150cca58abc00bb25808e242f12d85d7c5f416d1f
  - dest: upstream/presentation-validator/fixtures/3/anno_pointselector.json
    source: https://github.com/IIIF/presentation-validator
    sha: 5fccfbc01ac6627ecdb81f845a595b5ea295f86d
    path: fixtures/3/anno_pointselector.json
    sha256: 4ac6f12717e63e255aa8f3e6febf7c757e6348d2705b4a89fe10b194be1351b3
  - dest: upstream/presentation-validator/fixtures/3/anno_source.json
    source: https://github.com/IIIF/presentation-validator
    sha: 5fccfbc01ac6627ecdb81f845a595b5ea295f86d
    path: fixtures/3/anno_source.json
    sha256: 20b46b9bd608d7b87588804c9f9b85c0e48d2e7d1ae027f579c02d37d00a68ed
  - dest: upstream/presentation-validator/fixtures/3/annotation_full.json
    source: https://github.com/IIIF/presentation-validator
    sha: 5fccfbc01ac6627ecdb81f845a595b5ea295f86d
    path: fixtures/3/annotation_full.json
    sha256: 7d725c41057e9cc946fe14502fba296c6b0cc4b8281e8eb4f548a7115e1bf9eb
  - dest: upstream/presentation-validator/fixtures/3/broken_choice.json
    source: https://github.com/IIIF/presentation-validator
    sha: 5fccfbc01ac6627ecdb81f845a595b5ea295f86d
    path: fixtures/3/broken_choice.json
    sha256: 5efa92e6d278c7055042dbb6d0cda4c31f7ee74fc58e6f3bf5531dbdfece3324
  - dest: upstream/presentation-validator/fixtures/3/broken_collection.json
    source: https://github.com/IIIF/presentation-validator
    sha: 5fccfbc01ac6627ecdb81f845a595b5ea295f86d
    path: fixtures/3/broken_collection.json
    sha256: a32e3a48a8eb21b986459bb5553e78cdab386f5d8cda49af7cdf3fa0899c3bf9
  - dest: upstream/presentation-validator/fixtures/3/broken_embedded_annos.json
    source: https://github.com/IIIF/presentation-validator
    sha: 5fccfbc01ac6627ecdb81f845a595b5ea295f86d
    path: fixtures/3/broken_embedded_annos.json
    sha256: 0d4eb2495f51581ea9d44a30d0ac3aeb64fe3c8f0bf0ba4887c247c3284806e6
  - dest: upstream/presentation-validator/fixtures/3/broken_service.json
    source: https://github.com/IIIF/presentation-validator
    sha: 5fccfbc01ac6627ecdb81f845a595b5ea295f86d
    path: fixtures/3/broken_service.json
    sha256: 37025e034bd5d1a7c530ba39bfff1b7b8256ab936b118b19151d5613178cacf5
  - dest: upstream/presentation-validator/fixtures/3/broken_simple_image.json
    source: https://github.com/IIIF/presentation-validator
    sha: 5fccfbc01ac6627ecdb81f845a595b5ea295f86d
    path: fixtures/3/broken_simple_image.json
    sha256: 70930101e828bb85ae97fae8d49ed206da4e3d847480aa8f34713ab5c5727e6c
  - dest: upstream/presentation-validator/fixtures/3/choice.json
    source: https://github.com/IIIF/presentation-validator
    sha: 5fccfbc01ac6627ecdb81f845a595b5ea295f86d
    path: fixtures/3/choice.json
    sha256: b3b923ed6ad75638e7163dedea1ea455f7a27a857f69f26cf06ba18bdf64fcee
  - dest: upstream/presentation-validator/fixtures/3/collection.json
    source: https://github.com/IIIF/presentation-validator
    sha: 5fccfbc01ac6627ecdb81f845a595b5ea295f86d
    path: fixtures/3/collection.json
    sha256: d960ab99eb675093dc8f14faea12d2485785c0cb232f3a52298ad034a2f7309c
  - dest: upstream/presentation-validator/fixtures/3/collection_of_canvases.json
    source: https://github.com/IIIF/presentation-validator
    sha: 5fccfbc01ac6627ecdb81f845a595b5ea295f86d
    path: fixtures/3/collection_of_canvases.json
    sha256: 685debc25a21b66ad7c1527c8806fc0ba4a20c68de2acfb4b1c9de79ce733744
  - dest: upstream/presentation-validator/fixtures/3/collection_of_collections.json
    source: https://github.com/IIIF/presentation-validator
    sha: 5fccfbc01ac6627ecdb81f845a595b5ea295f86d
    path: fixtures/3/collection_of_collections.json
    sha256: df295f4e772cf2b5dd432c11dae20cf7fdfd3254564fe4c0b408f38837a53700
  - dest: upstream/presentation-validator/fixtures/3/content_state.json
    source: https://github.com/IIIF/presentation-validator
    sha: 5fccfbc01ac6627ecdb81f845a595b5ea295f86d
    path: fixtures/3/content_state.json
    sha256: 22129d9d63ddd2a7934b972bafc1878eaed16b4c7664ad25d9c44294dc50de24
  - dest: upstream/presentation-validator/fixtures/3/extension_anno.json
    source: https://github.com/IIIF/presentation-validator
    sha: 5fccfbc01ac6627ecdb81f845a595b5ea295f86d
    path: fixtures/3/extension_anno.json
    sha256: 5f24a996e1b6d67bac3aaa8646ee6150e5a8146467488117951114617d07480f
  - dest: upstream/presentation-validator/fixtures/3/full_example.json
    source: https://github.com/IIIF/presentation-validator
    sha: 5fccfbc01ac6627ecdb81f845a595b5ea295f86d
    path: fixtures/3/full_example.json
    sha256: 5a6d83dcffd893a53cd05f8467f33336af3bb6bac3ca0d1f7f4150f7587e62da
  - dest: upstream/presentation-validator/fixtures/3/multi_bodies.json
    source: https://github.com/IIIF/presentation-validator
    sha: 5fccfbc01ac6627ecdb81f845a595b5ea295f86d
    path: fixtures/3/multi_bodies.json
    sha256: 75b9038b9618c35ed89fed192a1f936cdef87f5183ae23130161bea8f11591fa
  - dest: upstream/presentation-validator/fixtures/3/navPlace.json
    source: https://github.com/IIIF/presentation-validator
    sha: 5fccfbc01ac6627ecdb81f845a595b5ea295f86d
    path: fixtures/3/navPlace.json
    sha256: d19ebd49776d8648416da35db80dcbe2ad59c83b7f66dfa0dd3a362d299d5b8e
  - dest: upstream/presentation-validator/fixtures/3/non_cc_license.json
    source: https://github.com/IIIF/presentation-validator
    sha: 5fccfbc01ac6627ecdb81f845a595b5ea295f86d
    path: fixtures/3/non_cc_license.json
    sha256: b4b00f6678dd9982bf67ef28e0d9e6d4f37f9723f37972ff67c6feb3eea30333
  - dest: upstream/presentation-validator/fixtures/3/old_cc_license.json
    source: https://github.com/IIIF/presentation-validator
    sha: 5fccfbc01ac6627ecdb81f845a595b5ea295f86d
    path: fixtures/3/old_cc_license.json
    sha256: 78b9c4ed91535d3d14b1da0806d5dd167383414a6803f5adb43758df33104dc2
  - dest: upstream/presentation-validator/fixtures/3/old_format_label.json
    source: https://github.com/IIIF/presentation-validator
    sha: 5fccfbc01ac6627ecdb81f845a595b5ea295f86d
    path: fixtures/3/old_format_label.json
    sha256: 775a4b239a651a468f3a6bf40374cb22b4dd2c8d786117af1174307acc0f7026
  - dest: upstream/presentation-validator/fixtures/3/placeholderCanvas.json
    source: https://github.com/IIIF/presentation-validator
    sha: 5fccfbc01ac6627ecdb81f845a595b5ea295f86d
    path: fixtures/3/placeholderCanvas.json
    sha256: 0d606c83f121075465cb589a999ef66c7ea56112f633a13d38e614dc6333987b
  - dest: upstream/presentation-validator/fixtures/3/point_selector.json
    source: https://github.com/IIIF/presentation-validator
    sha: 5fccfbc01ac6627ecdb81f845a595b5ea295f86d
    path: fixtures/3/point_selector.json
    sha256: a7665d3a2579ced8ccdcc96f68fcdbaae805eb4836f350adaa0bd8fb07cfccec
  - dest: upstream/presentation-validator/fixtures/3/publicdomain.json
    source: https://github.com/IIIF/presentation-validator
    sha: 5fccfbc01ac6627ecdb81f845a595b5ea295f86d
    path: fixtures/3/publicdomain.json
    sha256: fbc86d42f64dd4a150e0ebdcd3362bdbd907dd32d8ec61d5864146e99d985e8a
  - dest: upstream/presentation-validator/fixtures/3/range_range.json
    source: https://github.com/IIIF/presentation-validator
    sha: 5fccfbc01ac6627ecdb81f845a595b5ea295f86d
    path: fixtures/3/range_range.json
    sha256: 4113e33ca4d4b7886a7acdd3b80539f12a4db560434363e40418e8968e3c24a9
  - dest: upstream/presentation-validator/fixtures/3/rights_lang_issues.json
    source: https://github.com/IIIF/presentation-validator
    sha: 5fccfbc01ac6627ecdb81f845a595b5ea295f86d
    path: fixtures/3/rights_lang_issues.json
    sha256: 274a915785691b95b0151d2e69b06815097877126a7c21340dda618355f5d70e
  - dest: upstream/presentation-validator/fixtures/3/rightsstatement_license.json
    source: https://github.com/IIIF/presentation-validator
    sha: 5fccfbc01ac6627ecdb81f845a595b5ea295f86d
    path: fixtures/3/rightsstatement_license.json
    sha256: eb4a0659ff91f619b54e35fdc044c52bf03bddd13de0cec015b1a3d84bd01ab7
  - dest: upstream/presentation-validator/fixtures/3/simple_video.json
    source: https://github.com/IIIF/presentation-validator
    sha: 5fccfbc01ac6627ecdb81f845a595b5ea295f86d
    path: fixtures/3/simple_video.json
    sha256: 1254fe167de094a18a0de8b0ed83b4af4ad32446d6f762b310fbb3c35d4cf48d
  - dest: upstream/presentation-validator/fixtures/3/version2image.json
    source: https://github.com/IIIF/presentation-validator
    sha: 5fccfbc01ac6627ecdb81f845a595b5ea295f86d
    path: fixtures/3/version2image.json
    sha256: 0392e021adfd1ef456fe24f0a7683a9f1a8f3904cb2db1c8582084e34db66b30
  - dest: upstream/presentation-validator/schema/iiif_3_0.json
    source: https://github.com/IIIF/presentation-validator
    sha: 5fccfbc01ac6627ecdb81f845a595b5ea295f86d
    path: schema/iiif_3_0.json
    sha256: 3b4f6c6aaabb171d07912ce5e03d2f97e528a267fb6fee28b0a50b672759754f
  - dest: upstream/presentation-validator/schema/v4/AccompanyingCanvas.json
    source: https://github.com/IIIF/presentation-validator
    sha: 5fccfbc01ac6627ecdb81f845a595b5ea295f86d
    path: schema/v4/AccompanyingCanvas.json
    sha256: 89d713fdb5ca9f0a4a314598234a079a3c2b9a58104e27edb0472caf3c365d33
  - dest: upstream/presentation-validator/schema/v4/AmbientAudio.json
    source: https://github.com/IIIF/presentation-validator
    sha: 5fccfbc01ac6627ecdb81f845a595b5ea295f86d
    path: schema/v4/AmbientAudio.json
    sha256: 005b0e3737050a29aeba7ee787f891285fe83f97a20bf273acdb3c38387978dd
  - dest: upstream/presentation-validator/schema/v4/AmbientLight.json
    source: https://github.com/IIIF/presentation-validator
    sha: 5fccfbc01ac6627ecdb81f845a595b5ea295f86d
    path: schema/v4/AmbientLight.json
    sha256: 9e7b6d4210bbd6d57ba4cf5a1013dd3174a89c52df2226ee481b5e2c6a0d0857
  - dest: upstream/presentation-validator/schema/v4/Annotation.json
    source: https://github.com/IIIF/presentation-validator
    sha: 5fccfbc01ac6627ecdb81f845a595b5ea295f86d
    path: schema/v4/Annotation.json
    sha256: 301efb597f18752d4d8748d497a28b0ae19a168d2cd958c7595f23ed3925cf35
  - dest: upstream/presentation-validator/schema/v4/AnnotationCollection.json
    source: https://github.com/IIIF/presentation-validator
    sha: 5fccfbc01ac6627ecdb81f845a595b5ea295f86d
    path: schema/v4/AnnotationCollection.json
    sha256: 7944d2162bee71ea2d197b2e0a9526298530eb882140b7ed9404906119315445
  - dest: upstream/presentation-validator/schema/v4/AnnotationPage.json
    source: https://github.com/IIIF/presentation-validator
    sha: 5fccfbc01ac6627ecdb81f845a595b5ea295f86d
    path: schema/v4/AnnotationPage.json
    sha256: be41e191dd20b728f4cd59e306bb6f029ea570233a2cc77ea92fb2e98cb08b06
  - dest: upstream/presentation-validator/schema/v4/AnnotationPageRef.json
    source: https://github.com/IIIF/presentation-validator
    sha: 5fccfbc01ac6627ecdb81f845a595b5ea295f86d
    path: schema/v4/AnnotationPageRef.json
    sha256: 7cc3bf4fb286ad2a267dd12e987d0d82578ce045e120fd90eeac962cd2993f6e
  - dest: upstream/presentation-validator/schema/v4/AnnotationRef.json
    source: https://github.com/IIIF/presentation-validator
    sha: 5fccfbc01ac6627ecdb81f845a595b5ea295f86d
    path: schema/v4/AnnotationRef.json
    sha256: 3316e86238da70bec97965bcbc46c4b83bdd8622e3e707a38517d24b9fe53647
  - dest: upstream/presentation-validator/schema/v4/Audio.json
    source: https://github.com/IIIF/presentation-validator
    sha: 5fccfbc01ac6627ecdb81f845a595b5ea295f86d
    path: schema/v4/Audio.json
    sha256: a036a25c640bf8cec922f218fd24deb5c90df817f75c81c96b940422e90fd08f
  - dest: upstream/presentation-validator/schema/v4/AudioTypes.json
    source: https://github.com/IIIF/presentation-validator
    sha: 5fccfbc01ac6627ecdb81f845a595b5ea295f86d
    path: schema/v4/AudioTypes.json
    sha256: fb3db983e1f65916f5c943c6c2cfc9271698d9cc6eaa49eb8b554cc61de9f8a9
  - dest: upstream/presentation-validator/schema/v4/Body.json
    source: https://github.com/IIIF/presentation-validator
    sha: 5fccfbc01ac6627ecdb81f845a595b5ea295f86d
    path: schema/v4/Body.json
    sha256: 3a44de3d12f36d1fa79de1b4590c83ef6529eb43b25832d37c4d675c65f78193
  - dest: upstream/presentation-validator/schema/v4/Camera.json
    source: https://github.com/IIIF/presentation-validator
    sha: 5fccfbc01ac6627ecdb81f845a595b5ea295f86d
    path: schema/v4/Camera.json
    sha256: b3feb6e9456e840a959ac113bd35dd3cb8ce9e45e822067b35ed9ed2c7b915bb
  - dest: upstream/presentation-validator/schema/v4/CameraTypes.json
    source: https://github.com/IIIF/presentation-validator
    sha: 5fccfbc01ac6627ecdb81f845a595b5ea295f86d
    path: schema/v4/CameraTypes.json
    sha256: 84f75104b8911618edee2800deb6b19f3e7d48756b139790bc583e0fd4bfaeae
  - dest: upstream/presentation-validator/schema/v4/Canvas.json
    source: https://github.com/IIIF/presentation-validator
    sha: 5fccfbc01ac6627ecdb81f845a595b5ea295f86d
    path: schema/v4/Canvas.json
    sha256: 02a5a2e4bda8a07caee611eef6fdb39a642d2eeb1f64ee3b9bba66eab8ed3859
  - dest: upstream/presentation-validator/schema/v4/CanvasRef.json
    source: https://github.com/IIIF/presentation-validator
    sha: 5fccfbc01ac6627ecdb81f845a595b5ea295f86d
    path: schema/v4/CanvasRef.json
    sha256: af057eaac49c08ac63553645f734be38dddc8d2c888c33c1fc00310670f307da
  - dest: upstream/presentation-validator/schema/v4/Choice.json
    source: https://github.com/IIIF/presentation-validator
    sha: 5fccfbc01ac6627ecdb81f845a595b5ea295f86d
    path: schema/v4/Choice.json
    sha256: 3f8900eefc1d1b7427ce07fcaa4a7635335cb7bedc79a7e9f3c4eb579cfcdfa1
  - dest: upstream/presentation-validator/schema/v4/Collection.json
    source: https://github.com/IIIF/presentation-validator
    sha: 5fccfbc01ac6627ecdb81f845a595b5ea295f86d
    path: schema/v4/Collection.json
    sha256: 7ba01828f6e7b37514cc638c176e4625e813badd408d25404c698330a36c561c
  - dest: upstream/presentation-validator/schema/v4/CollectionRef.json
    source: https://github.com/IIIF/presentation-validator
    sha: 5fccfbc01ac6627ecdb81f845a595b5ea295f86d
    path: schema/v4/CollectionRef.json
    sha256: 3e4dc8f0bf813d78737acc062542dff9a0db9b264e21e3eadfa1ddc43b17b6a2
  - dest: upstream/presentation-validator/schema/v4/Container.json
    source: https://github.com/IIIF/presentation-validator
    sha: 5fccfbc01ac6627ecdb81f845a595b5ea295f86d
    path: schema/v4/Container.json
    sha256: c1434dc978b2c3915aba93d35bbf3849b8473ed7ff0aa835da562dfce43aec2c
  - dest: upstream/presentation-validator/schema/v4/Context.json
    source: https://github.com/IIIF/presentation-validator
    sha: 5fccfbc01ac6627ecdb81f845a595b5ea295f86d
    path: schema/v4/Context.json
    sha256: 089e1fbd99e3015059b6620f705cb54afbe6734830dab7b7e1d9101e7934c979
  - dest: upstream/presentation-validator/schema/v4/CssSelector.json
    source: https://github.com/IIIF/presentation-validator
    sha: 5fccfbc01ac6627ecdb81f845a595b5ea295f86d
    path: schema/v4/CssSelector.json
    sha256: 5c7dafdb4058a5d31637bc2eb84ade996c7765e425d900851185a1895642a3a7
  - dest: upstream/presentation-validator/schema/v4/DataPositionSelector.json
    source: https://github.com/IIIF/presentation-validator
    sha: 5fccfbc01ac6627ecdb81f845a595b5ea295f86d
    path: schema/v4/DataPositionSelector.json
    sha256: 17e815cf8307dde365901c20f4077a38c63b33d1b7f65c613cab254d318213f0
  - dest: upstream/presentation-validator/schema/v4/DirectionalLight.json
    source: https://github.com/IIIF/presentation-validator
    sha: 5fccfbc01ac6627ecdb81f845a595b5ea295f86d
    path: schema/v4/DirectionalLight.json
    sha256: 21681bd5643c6153ca3ceff4d93a765fc366f44a887b58c951d8c1b22a4d0bcb
  - dest: upstream/presentation-validator/schema/v4/External.json
    source: https://github.com/IIIF/presentation-validator
    sha: 5fccfbc01ac6627ecdb81f845a595b5ea295f86d
    path: schema/v4/External.json
    sha256: 14d08b6ac0ea40dbca33dfd9915adf1c5f15c9ccb8c067c82e9f1c7559d2d655
  - dest: upstream/presentation-validator/schema/v4/FragmentSelector.json
    source: https://github.com/IIIF/presentation-validator
    sha: 5fccfbc01ac6627ecdb81f845a595b5ea295f86d
    path: schema/v4/FragmentSelector.json
    sha256: daf500c5b2ad588d42a2d60abf59f9046fdd61495d59f6138260d05a55b728a4
  - dest: upstream/presentation-validator/schema/v4/Homepage.json
    source: https://github.com/IIIF/presentation-validator
    sha: 5fccfbc01ac6627ecdb81f845a595b5ea295f86d
    path: schema/v4/Homepage.json
    sha256: 45c1faf31d7aadc23a38b59765f2733ee60ae920d3b4c219846523b8c1c9c052
  - dest: upstream/presentation-validator/schema/v4/HttpRequestState.json
    source: https://github.com/IIIF/presentation-validator
    sha: 5fccfbc01ac6627ecdb81f845a595b5ea295f86d
    path: schema/v4/HttpRequestState.json
    sha256: 9d0f11e7647ba576b07d910b833c4449230dd96388129e0113b18f65fd93a91e
  - dest: upstream/presentation-validator/schema/v4/ImageAPISelector.json
    source: https://github.com/IIIF/presentation-validator
    sha: 5fccfbc01ac6627ecdb81f845a595b5ea295f86d
    path: schema/v4/ImageAPISelector.json
    sha256: 41a595ec1b9239ba3671cdc2efeefe0fa9facfd6af1c57e6ba6fd0120fc60933
  - dest: upstream/presentation-validator/schema/v4/ImageBasedLight.json
    source: https://github.com/IIIF/presentation-validator
    sha: 5fccfbc01ac6627ecdb81f845a595b5ea295f86d
    path: schema/v4/ImageBasedLight.json
    sha256: 0f28202d02ef77947a0a94d78b095c44bc132d37beca10ffc08d34269c316e41
  - dest: upstream/presentation-validator/schema/v4/Intensity.json
    source: https://github.com/IIIF/presentation-validator
    sha: 5fccfbc01ac6627ecdb81f845a595b5ea295f86d
    path: schema/v4/Intensity.json
    sha256: c0662bd43266a67840b314b8fff9c922e2558bb8a8c9185840ead07bf5fe7058
  - dest: upstream/presentation-validator/schema/v4/Light.json
    source: https://github.com/IIIF/presentation-validator
    sha: 5fccfbc01ac6627ecdb81f845a595b5ea295f86d
    path: schema/v4/Light.json
    sha256: 2fecf1621ab9e14fecdbacb16298e58c21488e75afc77c2538c642d358ac7acd
  - dest: upstream/presentation-validator/schema/v4/LightTypes.json
    source: https://github.com/IIIF/presentation-validator
    sha: 5fccfbc01ac6627ecdb81f845a595b5ea295f86d
    path: schema/v4/LightTypes.json
    sha256: 3c8ff09c6b043ff422d60123002a94d1128de86173d18a819e81d9674ad2b173
  - dest: upstream/presentation-validator/schema/v4/LookAt.json
    source: https://github.com/IIIF/presentation-validator
    sha: 5fccfbc01ac6627ecdb81f845a595b5ea295f86d
    path: schema/v4/LookAt.json
    sha256: 2fe8bc2fadcdfbfc2e88099bffc70e5afaf2ce4697701c2bea94b2795970170c
  - dest: upstream/presentation-validator/schema/v4/Manifest.json
    source: https://github.com/IIIF/presentation-validator
    sha: 5fccfbc01ac6627ecdb81f845a595b5ea295f86d
    path: schema/v4/Manifest.json
    sha256: 6d41c1685aa5cf01c2b1cde96fd9796116cd15f5a814db4fbe34991e8c1897df
  - dest: upstream/presentation-validator/schema/v4/ManifestRef.json
    source: https://github.com/IIIF/presentation-validator
    sha: 5fccfbc01ac6627ecdb81f845a595b5ea295f86d
    path: schema/v4/ManifestRef.json
    sha256: 228972ae63cff99a1621ec18317cebf0b07a6451c338270d052db562f10c9259
  - dest: upstream/presentation-validator/schema/v4/NavPlace.json
    source: https://github.com/IIIF/presentation-validator
    sha: 5fccfbc01ac6627ecdb81f845a595b5ea295f86d
    path: schema/v4/NavPlace.json
    sha256: 8e206f1d9578fad2818a864c02ee70b8773068d06d6d2912db551b79e334cfd2
  - dest: upstream/presentation-validator/schema/v4/OrthographicCamera.json
    source: https://github.com/IIIF/presentation-validator
    sha: 5fccfbc01ac6627ecdb81f845a595b5ea295f86d
    path: schema/v4/OrthographicCamera.json
    sha256: a31337fa34fcd08bf1a4ed8768d65b559bb0fe8bbdf3804dd8ee75448400ec46
  - dest: upstream/presentation-validator/schema/v4/PartOf.json
    source: https://github.com/IIIF/presentation-validator
    sha: 5fccfbc01ac6627ecdb81f845a595b5ea295f86d
    path: schema/v4/PartOf.json
    sha256: e258f07789d28c191af1344726036b7edfa2455382b9273585fbf1b687ef5f21
  - dest: upstream/presentation-validator/schema/v4/PerspectiveCamera.json
    source: https://github.com/IIIF/presentation-validator
    sha: 5fccfbc01ac6627ecdb81f845a595b5ea295f86d
    path: schema/v4/PerspectiveCamera.json
    sha256: a50bd8e78cc3464b76f7bc4d9f8bde52b838ac204daf127e161295156ba88a29
  - dest: upstream/presentation-validator/schema/v4/PlaceholderCanvas.json
    source: https://github.com/IIIF/presentation-validator
    sha: 5fccfbc01ac6627ecdb81f845a595b5ea295f86d
    path: schema/v4/PlaceholderCanvas.json
    sha256: fd601874dd682e95fcef7ace833a7a038ee9149ded6295b9a60f14a59a4c47f8
  - dest: upstream/presentation-validator/schema/v4/PointAudio.json
    source: https://github.com/IIIF/presentation-validator
    sha: 5fccfbc01ac6627ecdb81f845a595b5ea295f86d
    path: schema/v4/PointAudio.json
    sha256: c4dcc5cf9e5396e69df0b612a078dddd7df6023b240305213eb6ce87935cd725
  - dest: upstream/presentation-validator/schema/v4/PointSelector.json
    source: https://github.com/IIIF/presentation-validator
    sha: 5fccfbc01ac6627ecdb81f845a595b5ea295f86d
    path: schema/v4/PointSelector.json
    sha256: da1e3b371169f28ca7e7f6804d3d30bf3b2a495ae6f5a634e8c6875cd2715a6c
  - dest: upstream/presentation-validator/schema/v4/Provider.json
    source: https://github.com/IIIF/presentation-validator
    sha: 5fccfbc01ac6627ecdb81f845a595b5ea295f86d
    path: schema/v4/Provider.json
    sha256: 3bd687f9ecdd6b1fe8eced950847c5ccba9cdb9920a96e8c153e608eda574fc8
  - dest: upstream/presentation-validator/schema/v4/Quantity.json
    source: https://github.com/IIIF/presentation-validator
    sha: 5fccfbc01ac6627ecdb81f845a595b5ea295f86d
    path: schema/v4/Quantity.json
    sha256: 7a3b121fd8e0c9271be7bd6900d923fc41be42604330080a81d7a8e2b76aa043
  - dest: upstream/presentation-validator/schema/v4/RangeSelector.json
    source: https://github.com/IIIF/presentation-validator
    sha: 5fccfbc01ac6627ecdb81f845a595b5ea295f86d
    path: schema/v4/RangeSelector.json
    sha256: 6da442d5b8bd29668411bd8f7aa089436a10468902b32466241dbe56fe62c93a
  - dest: upstream/presentation-validator/schema/v4/Reference.json
    source: https://github.com/IIIF/presentation-validator
    sha: 5fccfbc01ac6627ecdb81f845a595b5ea295f86d
    path: schema/v4/Reference.json
    sha256: 4a9e018ca876f9850cb4d5c4d211c7a6b1ab4dee67f076e33d2a363923f14fd3
  - dest: upstream/presentation-validator/schema/v4/Resource.json
    source: https://github.com/IIIF/presentation-validator
    sha: 5fccfbc01ac6627ecdb81f845a595b5ea295f86d
    path: schema/v4/Resource.json
    sha256: bfa3e41ad36a3f85a90e76067eececae22ec52cc77788ba44c8e7de139c7a883
  - dest: upstream/presentation-validator/schema/v4/SVGSelector.json
    source: https://github.com/IIIF/presentation-validator
    sha: 5fccfbc01ac6627ecdb81f845a595b5ea295f86d
    path: schema/v4/SVGSelector.json
    sha256: 22d4382a42c2c4042ee0526573bc600dd5ff189e1273eedc1b7c97d02e948eb9
  - dest: upstream/presentation-validator/schema/v4/Scene.json
    source: https://github.com/IIIF/presentation-validator
    sha: 5fccfbc01ac6627ecdb81f845a595b5ea295f86d
    path: schema/v4/Scene.json
    sha256: d4ba00cfa7b74c81c869be1222181d00aaecbeeabb325068c8cde987f8074a43
  - dest: upstream/presentation-validator/schema/v4/SceneRef.json
    source: https://github.com/IIIF/presentation-validator
    sha: 5fccfbc01ac6627ecdb81f845a595b5ea295f86d
    path: schema/v4/SceneRef.json
    sha256: 620b4dedad408dfc37e07c8aff0d7347812d1c70313d936c344f052ca6cc480e
  - dest: upstream/presentation-validator/schema/v4/SeeAlso.json
    source: https://github.com/IIIF/presentation-validator
    sha: 5fccfbc01ac6627ecdb81f845a595b5ea295f86d
    path: schema/v4/SeeAlso.json
    sha256: 8eeb9c2fc7c12b4cb61f6e8565c9638aaa53bd7368db4d1822cfa8b74d460791
  - dest: upstream/presentation-validator/schema/v4/Selector.json
    source: https://github.com/IIIF/presentation-validator
    sha: 5fccfbc01ac6627ecdb81f845a595b5ea295f86d
    path: schema/v4/Selector.json
    sha256: 1fd7b87d15d6f8bdb810cf135ebb7b2cf210f9be0fddaef42b838d15e563f99e
  - dest: upstream/presentation-validator/schema/v4/SpecificResource.json
    source: https://github.com/IIIF/presentation-validator
    sha: 5fccfbc01ac6627ecdb81f845a595b5ea295f86d
    path: schema/v4/SpecificResource.json
    sha256: 71213a444030e44c114a3a12abbecdee8ba552745cc473d4073b7c9aa888698b
  - dest: upstream/presentation-validator/schema/v4/SpotAudio.json
    source: https://github.com/IIIF/presentation-validator
    sha: 5fccfbc01ac6627ecdb81f845a595b5ea295f86d
    path: schema/v4/SpotAudio.json
    sha256: 6c5a4f9a15ea780cf491ccf05ab61d432b32bc9ae24cf6fddf334a773a6cfe34
  - dest: upstream/presentation-validator/schema/v4/SpotLight.json
    source: https://github.com/IIIF/presentation-validator
    sha: 5fccfbc01ac6627ecdb81f845a595b5ea295f86d
    path: schema/v4/SpotLight.json
    sha256: c967013fb7c903830df6f4b5de9637b1e05aab6bd62920ec5ee81a902a4c1df3
  - dest: upstream/presentation-validator/schema/v4/State.json
    source: https://github.com/IIIF/presentation-validator
    sha: 5fccfbc01ac6627ecdb81f845a595b5ea295f86d
    path: schema/v4/State.json
    sha256: 21777a24bb5363ed2c142a8831443fe9e4e7849e1556f69039a61d8ff0f9d464
  - dest: upstream/presentation-validator/schema/v4/Stylesheet.json
    source: https://github.com/IIIF/presentation-validator
    sha: 5fccfbc01ac6627ecdb81f845a595b5ea295f86d
    path: schema/v4/Stylesheet.json
    sha256: dae1abffd22b68944843bb8641ff10e9c0481ed550df0be5fce71bcecc4d5ae5
  - dest: upstream/presentation-validator/schema/v4/Target.json
    source: https://github.com/IIIF/presentation-validator
    sha: 5fccfbc01ac6627ecdb81f845a595b5ea295f86d
    path: schema/v4/Target.json
    sha256: 7a7845057c1b662f834beef63bbfcfbc5454c35a3e11fdf2b7f4b5596c5f83c3
  - dest: upstream/presentation-validator/schema/v4/TextPositionSelector.json
    source: https://github.com/IIIF/presentation-validator
    sha: 5fccfbc01ac6627ecdb81f845a595b5ea295f86d
    path: schema/v4/TextPositionSelector.json
    sha256: 529f1b0966e5a1a53aeb1d6c4c17620283bd0c5efe777e595af0bd23c3cf1fe8
  - dest: upstream/presentation-validator/schema/v4/TextQuoteSelector.json
    source: https://github.com/IIIF/presentation-validator
    sha: 5fccfbc01ac6627ecdb81f845a595b5ea295f86d
    path: schema/v4/TextQuoteSelector.json
    sha256: 7f38aa8f8cf7c146940f07c4cd12d2eb1fe876455f459b02357de3cc059c7f27
  - dest: upstream/presentation-validator/schema/v4/TextualBody.json
    source: https://github.com/IIIF/presentation-validator
    sha: 5fccfbc01ac6627ecdb81f845a595b5ea295f86d
    path: schema/v4/TextualBody.json
    sha256: 42cbe4afbd29f101a71e44a2cbf166c071e94e3a401706d92d2746f3217e2108
  - dest: upstream/presentation-validator/schema/v4/TimeState.json
    source: https://github.com/IIIF/presentation-validator
    sha: 5fccfbc01ac6627ecdb81f845a595b5ea295f86d
    path: schema/v4/TimeState.json
    sha256: 1bf8fd878c541a1676fe31f899c028ed4a153a0d37aff841361dcb12a3df4fd7
  - dest: upstream/presentation-validator/schema/v4/Timeline.json
    source: https://github.com/IIIF/presentation-validator
    sha: 5fccfbc01ac6627ecdb81f845a595b5ea295f86d
    path: schema/v4/Timeline.json
    sha256: 280699ac62932990a66b622f8ebd8f9459e9320440dcad8472bd7f3e7c7c51b8
  - dest: upstream/presentation-validator/schema/v4/TimelineRef.json
    source: https://github.com/IIIF/presentation-validator
    sha: 5fccfbc01ac6627ecdb81f845a595b5ea295f86d
    path: schema/v4/TimelineRef.json
    sha256: 97a17f58bdd5053cf98e6b1c8415c518ee52af120460e75613e4d0f26bf89730
  - dest: upstream/presentation-validator/schema/v4/Transform.json
    source: https://github.com/IIIF/presentation-validator
    sha: 5fccfbc01ac6627ecdb81f845a595b5ea295f86d
    path: schema/v4/Transform.json
    sha256: 64d50f14f5d5dde7ed1c14cef4cf88d4ecb974c30c5359b37547ebb4a0201b8c
  - dest: upstream/presentation-validator/schema/v4/WktSelector.json
    source: https://github.com/IIIF/presentation-validator
    sha: 5fccfbc01ac6627ecdb81f845a595b5ea295f86d
    path: schema/v4/WktSelector.json
    sha256: a37b7fc6e56660b6b066ef01d712bea3c561a6ee1f6cf86a10749af3ed5edaba
  - dest: upstream/presentation-validator/schema/v4/XPathSelector.json
    source: https://github.com/IIIF/presentation-validator
    sha: 5fccfbc01ac6627ecdb81f845a595b5ea295f86d
    path: schema/v4/XPathSelector.json
    sha256: cf1e1a4fd2ee70f710c192854305d777b4cc25fda33b0d99d135a2950bf35ad0
  - dest: upstream/presentation-validator/schema/v4/agent.json
    source: https://github.com/IIIF/presentation-validator
    sha: 5fccfbc01ac6627ecdb81f845a595b5ea295f86d
    path: schema/v4/agent.json
    sha256: 1a719495ae82e4c4978ec40326bc7879636b1e3f67f33c4951ac678113ccd013
  - dest: upstream/presentation-validator/schema/v4/audiance.json
    source: https://github.com/IIIF/presentation-validator
    sha: 5fccfbc01ac6627ecdb81f845a595b5ea295f86d
    path: schema/v4/audiance.json
    sha256: ad77de439ca8d8a7dedf63f7424ad2c9d33940fd1da31d56ab2d6f1579b8ba8d
  - dest: upstream/presentation-validator/schema/v4/main.json
    source: https://github.com/IIIF/presentation-validator
    sha: 5fccfbc01ac6627ecdb81f845a595b5ea295f86d
    path: schema/v4/main.json
    sha256: 64735d7254cb8c9da069a0fc7e33b44d043763dfbbba87e8a54dec48363ae2ef
  - dest: upstream/presentation-validator/schema/v4/metadata.json
    source: https://github.com/IIIF/presentation-validator
    sha: 5fccfbc01ac6627ecdb81f845a595b5ea295f86d
    path: schema/v4/metadata.json
    sha256: dd273605af3cc9d9f56a3d2ec94bf69c6c7923a1ae934f365155c133d468b0aa
  - dest: upstream/presentation-validator/schema/v4/properties.json
    source: https://github.com/IIIF/presentation-validator
    sha: 5fccfbc01ac6627ecdb81f845a595b5ea295f86d
    path: schema/v4/properties.json
    sha256: fae3be8cf156659f740d410db71a3eb1a7ef2af646ea08acdb9a8b051d93af6a
  - dest: upstream/presentation-validator/schema/v4/service.json
    source: https://github.com/IIIF/presentation-validator
    sha: 5fccfbc01ac6627ecdb81f845a595b5ea295f86d
    path: schema/v4/service.json
    sha256: fbe49bf6e10f7719d2feeeb570e10b39d1e85cab32a602b9dab5acd66c18ee58
